
Microsoft Visual Studio Solution File, Format Version 12.00
# Visual Studio 15
VisualStudioVersion = 15.0.28307.1022
MinimumVisualStudioVersion = 10.0.40219.1
Project("{FAE04EC0-301F-11D3-BF4B-00C04F79EFBC}") = "print_hello", "print_hello\print_hello.csproj", "{099293C9-E376-487F-B9B0-87FE11EC6F3D}"
EndProject
Global
	GlobalSection(SolutionConfigurationPlatforms) = preSolution
		Debug|Any CPU = Debug|Any CPU
		Release|Any CPU = Release|Any CPU
	EndGlobalSection
	GlobalSection(ProjectConfigurationPlatforms) = postSolution
		{099293C9-E376-487F-B9B0-87FE11EC6F3D}.Debug|Any CPU.ActiveCfg = Debug|Any CPU
		{099293C9-E376-487F-B9B0-87FE11EC6F3D}.Debug|Any CPU.Build.0 = Debug|Any CPU
		{099293C9-E376-487F-B9B0-87FE11EC6F3D}.Release|Any CPU.ActiveCfg = Release|Any CPU
		{099293C9-E376-487F-B9B0-87FE11EC6F3D}.Release|Any CPU.Build.0 = Release|Any CPU
	EndGlobalSection
	GlobalSection(SolutionProperties) = preSolution
		HideSolutionNode = FALSE
	EndGlobalSection
	GlobalSection(ExtensibilityGlobals) = postSolution
		SolutionGuid = {D5251D39-7FB3-442E-8AE9-8926F9DBDE95}
	EndGlobalSection
EndGlobal
