
Microsoft Visual Studio Solution File, Format Version 12.00
# Visual Studio 15
VisualStudioVersion = 15.0.28307.1022
MinimumVisualStudioVersion = 10.0.40219.1
Project("{FAE04EC0-301F-11D3-BF4B-00C04F79EFBC}") = "print_hello_world", "print_hello_world\print_hello_world.csproj", "{7F63F1F2-BB63-445B-9AF0-4B3779AE9542}"
EndProject
Global
	GlobalSection(SolutionConfigurationPlatforms) = preSolution
		Debug|Any CPU = Debug|Any CPU
		Release|Any CPU = Release|Any CPU
	EndGlobalSection
	GlobalSection(ProjectConfigurationPlatforms) = postSolution
		{7F63F1F2-BB63-445B-9AF0-4B3779AE9542}.Debug|Any CPU.ActiveCfg = Debug|Any CPU
		{7F63F1F2-BB63-445B-9AF0-4B3779AE9542}.Debug|Any CPU.Build.0 = Debug|Any CPU
		{7F63F1F2-BB63-445B-9AF0-4B3779AE9542}.Release|Any CPU.ActiveCfg = Release|Any CPU
		{7F63F1F2-BB63-445B-9AF0-4B3779AE9542}.Release|Any CPU.Build.0 = Release|Any CPU
	EndGlobalSection
	GlobalSection(SolutionProperties) = preSolution
		HideSolutionNode = FALSE
	EndGlobalSection
	GlobalSection(ExtensibilityGlobals) = postSolution
		SolutionGuid = {03BE73A2-1715-4DA7-B5C7-A7AAA26D83B6}
	EndGlobalSection
EndGlobal
