
Microsoft Visual Studio Solution File, Format Version 12.00
# Visual Studio 15
VisualStudioVersion = 15.0.28307.1062
MinimumVisualStudioVersion = 10.0.40219.1
Project("{FAE04EC0-301F-11D3-BF4B-00C04F79EFBC}") = "PasswordStrength", "PasswordStrength\PasswordStrength.csproj", "{7A7A4E10-4057-4DCF-A843-E18CF777F2E0}"
EndProject
Project("{FAE04EC0-301F-11D3-BF4B-00C04F79EFBC}") = "PasswordStrength.Test", "PasswordStrength.Test\PasswordStrength.Test.csproj", "{3D3F93C0-29B6-4C21-98E5-F56E5CAA9E71}"
EndProject
Global
	GlobalSection(SolutionConfigurationPlatforms) = preSolution
		Debug|Any CPU = Debug|Any CPU
		Release|Any CPU = Release|Any CPU
	EndGlobalSection
	GlobalSection(ProjectConfigurationPlatforms) = postSolution
		{7A7A4E10-4057-4DCF-A843-E18CF777F2E0}.Debug|Any CPU.ActiveCfg = Debug|Any CPU
		{7A7A4E10-4057-4DCF-A843-E18CF777F2E0}.Debug|Any CPU.Build.0 = Debug|Any CPU
		{7A7A4E10-4057-4DCF-A843-E18CF777F2E0}.Release|Any CPU.ActiveCfg = Release|Any CPU
		{7A7A4E10-4057-4DCF-A843-E18CF777F2E0}.Release|Any CPU.Build.0 = Release|Any CPU
		{3D3F93C0-29B6-4C21-98E5-F56E5CAA9E71}.Debug|Any CPU.ActiveCfg = Debug|Any CPU
		{3D3F93C0-29B6-4C21-98E5-F56E5CAA9E71}.Debug|Any CPU.Build.0 = Debug|Any CPU
		{3D3F93C0-29B6-4C21-98E5-F56E5CAA9E71}.Release|Any CPU.ActiveCfg = Release|Any CPU
		{3D3F93C0-29B6-4C21-98E5-F56E5CAA9E71}.Release|Any CPU.Build.0 = Release|Any CPU
	EndGlobalSection
	GlobalSection(SolutionProperties) = preSolution
		HideSolutionNode = FALSE
	EndGlobalSection
	GlobalSection(ExtensibilityGlobals) = postSolution
		SolutionGuid = {E4C2B239-C41C-4F42-87D3-4772A3B24DC6}
	EndGlobalSection
EndGlobal
