
Microsoft Visual Studio Solution File, Format Version 12.00
# Visual Studio 15
VisualStudioVersion = 15.0.28307.1062
MinimumVisualStudioVersion = 10.0.40219.1
Project("{FAE04EC0-301F-11D3-BF4B-00C04F79EFBC}") = "RemoveExtraBlanks", "RemoveExtraBlanks\RemoveExtraBlanks.csproj", "{7CC6ACB5-09A2-46D2-9876-4B56CA8B3A52}"
EndProject
Project("{FAE04EC0-301F-11D3-BF4B-00C04F79EFBC}") = "RemoveExtraBlanks.Test", "RemoveExtraBlanks.Test\RemoveExtraBlanks.Test.csproj", "{BDF09D49-3119-443C-B0B3-20071AE1B395}"
EndProject
Global
	GlobalSection(SolutionConfigurationPlatforms) = preSolution
		Debug|Any CPU = Debug|Any CPU
		Release|Any CPU = Release|Any CPU
	EndGlobalSection
	GlobalSection(ProjectConfigurationPlatforms) = postSolution
		{7CC6ACB5-09A2-46D2-9876-4B56CA8B3A52}.Debug|Any CPU.ActiveCfg = Debug|Any CPU
		{7CC6ACB5-09A2-46D2-9876-4B56CA8B3A52}.Debug|Any CPU.Build.0 = Debug|Any CPU
		{7CC6ACB5-09A2-46D2-9876-4B56CA8B3A52}.Release|Any CPU.ActiveCfg = Release|Any CPU
		{7CC6ACB5-09A2-46D2-9876-4B56CA8B3A52}.Release|Any CPU.Build.0 = Release|Any CPU
		{BDF09D49-3119-443C-B0B3-20071AE1B395}.Debug|Any CPU.ActiveCfg = Debug|Any CPU
		{BDF09D49-3119-443C-B0B3-20071AE1B395}.Debug|Any CPU.Build.0 = Debug|Any CPU
		{BDF09D49-3119-443C-B0B3-20071AE1B395}.Release|Any CPU.ActiveCfg = Release|Any CPU
		{BDF09D49-3119-443C-B0B3-20071AE1B395}.Release|Any CPU.Build.0 = Release|Any CPU
	EndGlobalSection
	GlobalSection(SolutionProperties) = preSolution
		HideSolutionNode = FALSE
	EndGlobalSection
	GlobalSection(ExtensibilityGlobals) = postSolution
		SolutionGuid = {AC033421-FD57-4096-A982-25139B2DD1A9}
	EndGlobalSection
EndGlobal
